
Microsoft Visual Studio Solution File, Format Version 12.00
# Visual Studio 14
VisualStudioVersion = 14.0.25123.0
MinimumVisualStudioVersion = 10.0.40219.1
Project("{FAE04EC0-301F-11D3-BF4B-00C04F79EFBC}") = "PackageManagement", "PackageManagement\PackageManagement.csproj", "{849C6645-0C2F-4372-954D-B98F020901AA}"
EndProject
Project("{FAE04EC0-301F-11D3-BF4B-00C04F79EFBC}") = "PackageManagementTester", "PackageManagementTester\PackageManagementTester.csproj", "{247A92A0-AAA9-48F1-A276-94504161AD5B}"
EndProject
Global
	GlobalSection(SolutionConfigurationPlatforms) = preSolution
		Debug|Any CPU = Debug|Any CPU
		Release|Any CPU = Release|Any CPU
	EndGlobalSection
	GlobalSection(ProjectConfigurationPlatforms) = postSolution
		{849C6645-0C2F-4372-954D-B98F020901AA}.Debug|Any CPU.ActiveCfg = Debug|Any CPU
		{849C6645-0C2F-4372-954D-B98F020901AA}.Debug|Any CPU.Build.0 = Debug|Any CPU
		{849C6645-0C2F-4372-954D-B98F020901AA}.Release|Any CPU.ActiveCfg = Release|Any CPU
		{849C6645-0C2F-4372-954D-B98F020901AA}.Release|Any CPU.Build.0 = Release|Any CPU
		{247A92A0-AAA9-48F1-A276-94504161AD5B}.Debug|Any CPU.ActiveCfg = Debug|Any CPU
		{247A92A0-AAA9-48F1-A276-94504161AD5B}.Debug|Any CPU.Build.0 = Debug|Any CPU
		{247A92A0-AAA9-48F1-A276-94504161AD5B}.Release|Any CPU.ActiveCfg = Release|Any CPU
		{247A92A0-AAA9-48F1-A276-94504161AD5B}.Release|Any CPU.Build.0 = Release|Any CPU
	EndGlobalSection
	GlobalSection(SolutionProperties) = preSolution
		HideSolutionNode = FALSE
	EndGlobalSection
EndGlobal
